// !$*UTF8*$!
{
	archiveVersion = 1;
	classes = {
	};
	objectVersion = 46;
	objects = {

/* Begin PBXBuildFile section */
		4208E03B1F2C2F360041E37E /* PhotoPicker.framework in CopyFiles */ = {isa = PBXBuildFile; fileRef = 42A498441F2C2C2E0027F7DA /* PhotoPicker.framework */; settings = {ATTRIBUTES = (CodeSignOnCopy, RemoveHeadersOnCopy, ); }; };
		4295CC981F286D96005238CE /* AppDelegate.swift in Sources */ = {isa = PBXBuildFile; fileRef = 4295CC971F286D96005238CE /* AppDelegate.swift */; };
		4295CC9A1F286D96005238CE /* ViewController.swift in Sources */ = {isa = PBXBuildFile; fileRef = 4295CC991F286D96005238CE /* ViewController.swift */; };
		4295CC9D1F286D96005238CE /* Main.storyboard in Resources */ = {isa = PBXBuildFile; fileRef = 4295CC9B1F286D96005238CE /* Main.storyboard */; };
		4295CC9F1F286D96005238CE /* Assets.xcassets in Resources */ = {isa = PBXBuildFile; fileRef = 4295CC9E1F286D96005238CE /* Assets.xcassets */; };
		4295CCA21F286D96005238CE /* LaunchScreen.storyboard in Resources */ = {isa = PBXBuildFile; fileRef = 4295CCA01F286D96005238CE /* LaunchScreen.storyboard */; };
		42B2C8471F6290800015E756 /* CustomPhotoAssetCell.xib in Resources */ = {isa = PBXBuildFile; fileRef = 42B2C8461F6290800015E756 /* CustomPhotoAssetCell.xib */; };
/* End PBXBuildFile section */

/* Begin PBXContainerItemProxy section */
		4208E03C1F2C2F750041E37E /* PBXContainerItemProxy */ = {
			isa = PBXContainerItemProxy;
			containerPortal = 42A4983F1F2C2C2E0027F7DA /* PhotoPicker.xcodeproj */;
			proxyType = 1;
			remoteGlobalIDString = 4295CC731F286A67005238CE;
			remoteInfo = PhotoPicker;
		};
		42A498431F2C2C2E0027F7DA /* PBXContainerItemProxy */ = {
			isa = PBXContainerItemProxy;
			containerPortal = 42A4983F1F2C2C2E0027F7DA /* PhotoPicker.xcodeproj */;
			proxyType = 2;
			remoteGlobalIDString = 4295CC741F286A67005238CE;
			remoteInfo = PhotoPicker;
		};
/* End PBXContainerItemProxy section */

/* Begin PBXCopyFilesBuildPhase section */
		4208E03A1F2C2F290041E37E /* CopyFiles */ = {
			isa = PBXCopyFilesBuildPhase;
			buildActionMask = 2147483647;
			dstPath = "";
			dstSubfolderSpec = 10;
			files = (
				4208E03B1F2C2F360041E37E /* PhotoPicker.framework in CopyFiles */,
			);
			runOnlyForDeploymentPostprocessing = 0;
		};
/* End PBXCopyFilesBuildPhase section */

/* Begin PBXFileReference section */
		4295CC941F286D96005238CE /* Example.app */ = {isa = PBXFileReference; explicitFileType = wrapper.application; includeInIndex = 0; path = Example.app; sourceTree = BUILT_PRODUCTS_DIR; };
		4295CC971F286D96005238CE /* AppDelegate.swift */ = {isa = PBXFileReference; lastKnownFileType = sourcecode.swift; path = AppDelegate.swift; sourceTree = "<group>"; };
		4295CC991F286D96005238CE /* ViewController.swift */ = {isa = PBXFileReference; lastKnownFileType = sourcecode.swift; path = ViewController.swift; sourceTree = "<group>"; };
		4295CC9C1F286D96005238CE /* Base */ = {isa = PBXFileReference; lastKnownFileType = file.storyboard; name = Base; path = Base.lproj/Main.storyboard; sourceTree = "<group>"; };
		4295CC9E1F286D96005238CE /* Assets.xcassets */ = {isa = PBXFileReference; lastKnownFileType = folder.assetcatalog; path = Assets.xcassets; sourceTree = "<group>"; };
		4295CCA11F286D96005238CE /* Base */ = {isa = PBXFileReference; lastKnownFileType = file.storyboard; name = Base; path = Base.lproj/LaunchScreen.storyboard; sourceTree = "<group>"; };
		4295CCA31F286D96005238CE /* Info.plist */ = {isa = PBXFileReference; lastKnownFileType = text.plist.xml; path = Info.plist; sourceTree = "<group>"; };
		4295CCAA1F286DD2005238CE /* PhotoPicker.framework */ = {isa = PBXFileReference; lastKnownFileType = wrapper.framework; name = PhotoPicker.framework; path = "../../../Library/Developer/Xcode/DerivedData/PhotoPicker-erjdqrliavwckheubxwaeqxbapca/Build/Products/Debug-iphonesimulator/PhotoPicker.framework"; sourceTree = "<group>"; };
		42A4983F1F2C2C2E0027F7DA /* PhotoPicker.xcodeproj */ = {isa = PBXFileReference; lastKnownFileType = "wrapper.pb-project"; name = PhotoPicker.xcodeproj; path = ../PhotoPicker.xcodeproj; sourceTree = "<group>"; };
		42B2C8461F6290800015E756 /* CustomPhotoAssetCell.xib */ = {isa = PBXFileReference; fileEncoding = 4; lastKnownFileType = file.xib; path = CustomPhotoAssetCell.xib; sourceTree = "<group>"; };
/* End PBXFileReference section */

/* Begin PBXFrameworksBuildPhase section */
		4295CC911F286D96005238CE /* Frameworks */ = {
			isa = PBXFrameworksBuildPhase;
			buildActionMask = 2147483647;
			files = (
			);
			runOnlyForDeploymentPostprocessing = 0;
		};
/* End PBXFrameworksBuildPhase section */

/* Begin PBXGroup section */
		4295CC8B1F286D96005238CE = {
			isa = PBXGroup;
			children = (
				4295CC961F286D96005238CE /* Example */,
				4295CC951F286D96005238CE /* Products */,
				4295CCA91F286DD1005238CE /* Frameworks */,
			);
			sourceTree = "<group>";
		};
		4295CC951F286D96005238CE /* Products */ = {
			isa = PBXGroup;
			children = (
				4295CC941F286D96005238CE /* Example.app */,
			);
			name = Products;
			sourceTree = "<group>";
		};
		4295CC961F286D96005238CE /* Example */ = {
			isa = PBXGroup;
			children = (
				4295CC971F286D96005238CE /* AppDelegate.swift */,
				4295CC991F286D96005238CE /* ViewController.swift */,
				4295CC9B1F286D96005238CE /* Main.storyboard */,
				42B2C8461F6290800015E756 /* CustomPhotoAssetCell.xib */,
				4295CC9E1F286D96005238CE /* Assets.xcassets */,
				4295CCA01F286D96005238CE /* LaunchScreen.storyboard */,
				4295CCA31F286D96005238CE /* Info.plist */,
			);
			path = Example;
			sourceTree = "<group>";
		};
		4295CCA91F286DD1005238CE /* Frameworks */ = {
			isa = PBXGroup;
			children = (
				42A4983F1F2C2C2E0027F7DA /* PhotoPicker.xcodeproj */,
				4295CCAA1F286DD2005238CE /* PhotoPicker.framework */,
			);
			name = Frameworks;
			sourceTree = "<group>";
		};
		42A498401F2C2C2E0027F7DA /* Products */ = {
			isa = PBXGroup;
			children = (
				42A498441F2C2C2E0027F7DA /* PhotoPicker.framework */,
			);
			name = Products;
			sourceTree = "<group>";
		};
/* End PBXGroup section */

/* Begin PBXNativeTarget section */
		4295CC931F286D96005238CE /* Example */ = {
			isa = PBXNativeTarget;
			buildConfigurationList = 4295CCA61F286D96005238CE /* Build configuration list for PBXNativeTarget "Example" */;
			buildPhases = (
				4295CC901F286D96005238CE /* Sources */,
				4295CC911F286D96005238CE /* Frameworks */,
				4295CC921F286D96005238CE /* Resources */,
				4208E03A1F2C2F290041E37E /* CopyFiles */,
			);
			buildRules = (
			);
			dependencies = (
				4208E03D1F2C2F750041E37E /* PBXTargetDependency */,
			);
			name = Example;
			productName = Example;
			productReference = 4295CC941F286D96005238CE /* Example.app */;
			productType = "com.apple.product-type.application";
		};
/* End PBXNativeTarget section */

/* Begin PBXProject section */
		4295CC8C1F286D96005238CE /* Project object */ = {
			isa = PBXProject;
			attributes = {
				LastSwiftUpdateCheck = 0830;
				LastUpgradeCheck = 0830;
				ORGANIZATIONNAME = "Dark Dong";
				TargetAttributes = {
					4295CC931F286D96005238CE = {
						CreatedOnToolsVersion = 8.3.3;
						DevelopmentTeam = PRZ5HR5F63;
						ProvisioningStyle = Automatic;
					};
				};
			};
			buildConfigurationList = 4295CC8F1F286D96005238CE /* Build configuration list for PBXProject "Example" */;
			compatibilityVersion = "Xcode 3.2";
			developmentRegion = English;
			hasScannedForEncodings = 0;
			knownRegions = (
				en,
				Base,
			);
			mainGroup = 4295CC8B1F286D96005238CE;
			productRefGroup = 4295CC951F286D96005238CE /* Products */;
			projectDirPath = "";
			projectReferences = (
				{
					ProductGroup = 42A498401F2C2C2E0027F7DA /* Products */;
					ProjectRef = 42A4983F1F2C2C2E0027F7DA /* PhotoPicker.xcodeproj */;
				},
			);
			projectRoot = "";
			targets = (
				4295CC931F286D96005238CE /* Example */,
			);
		};
/* End PBXProject section */

/* Begin PBXReferenceProxy section */
		42A498441F2C2C2E0027F7DA /* PhotoPicker.framework */ = {
			isa = PBXReferenceProxy;
			fileType = wrapper.framework;
			path = PhotoPicker.framework;
			remoteRef = 42A498431F2C2C2E0027F7DA /* PBXContainerItemProxy */;
			sourceTree = BUILT_PRODUCTS_DIR;
		};
/* End PBXReferenceProxy section */

/* Begin PBXResourcesBuildPhase section */
		4295CC921F286D96005238CE /* Resources */ = {
			isa = PBXResourcesBuildPhase;
			buildActionMask = 2147483647;
			files = (
				4295CCA21F286D96005238CE /* LaunchScreen.storyboard in Resources */,
				4295CC9F1F286D96005238CE /* Assets.xcassets in Resources */,
				42B2C8471F6290800015E756 /* CustomPhotoAssetCell.xib in Resources */,
				4295CC9D1F286D96005238CE /* Main.storyboard in Resources */,
			);
			runOnlyForDeploymentPostprocessing = 0;
		};
/* End PBXResourcesBuildPhase section */

/* Begin PBXSourcesBuildPhase section */
		4295CC901F286D96005238CE /* Sources */ = {
			isa = PBXSourcesBuildPhase;
			buildActionMask = 2147483647;
			files = (
				4295CC9A1F286D96005238CE /* ViewController.swift in Sources */,
				4295CC981F286D96005238CE /* AppDelegate.swift in Sources */,
			);
			runOnlyForDeploymentPostprocessing = 0;
		};
/* End PBXSourcesBuildPhase section */

/* Begin PBXTargetDependency section */
		4208E03D1F2C2F750041E37E /* PBXTargetDependency */ = {
			isa = PBXTargetDependency;
			name = PhotoPicker;
			targetProxy = 4208E03C1F2C2F750041E37E /* PBXContainerItemProxy */;
		};
/* End PBXTargetDependency section */

/* Begin PBXVariantGroup section */
		4295CC9B1F286D96005238CE /* Main.storyboard */ = {
			isa = PBXVariantGroup;
			children = (
				4295CC9C1F286D96005238CE /* Base */,
			);
			name = Main.storyboard;
			sourceTree = "<group>";
		};
		4295CCA01F286D96005238CE /* LaunchScreen.storyboard */ = {
			isa = PBXVariantGroup;
			children = (
				4295CCA11F286D96005238CE /* Base */,
			);
			name = LaunchScreen.storyboard;
			sourceTree = "<group>";
		};
/* End PBXVariantGroup section */

/* Begin XCBuildConfiguration section */
		4295CCA41F286D96005238CE /* Debug */ = {
			isa = XCBuildConfiguration;
			buildSettings = {
				ALWAYS_SEARCH_USER_PATHS = NO;
				CLANG_ANALYZER_NONNULL = YES;
				CLANG_ANALYZER_NUMBER_OBJECT_CONVERSION = YES_AGGRESSIVE;
				CLANG_CXX_LANGUAGE_STANDARD = "gnu++0x";
				CLANG_CXX_LIBRARY = "libc++";
				CLANG_ENABLE_MODULES = YES;
				CLANG_ENABLE_OBJC_ARC = YES;
				CLANG_WARN_BOOL_CONVERSION = YES;
				CLANG_WARN_CONSTANT_CONVERSION = YES;
				CLANG_WARN_DIRECT_OBJC_ISA_USAGE = YES_ERROR;
				CLANG_WARN_DOCUMENTATION_COMMENTS = YES;
				CLANG_WARN_EMPTY_BODY = YES;
				CLANG_WARN_ENUM_CONVERSION = YES;
				CLANG_WARN_INFINITE_RECURSION = YES;
				CLANG_WARN_INT_CONVERSION = YES;
				CLANG_WARN_OBJC_ROOT_CLASS = YES_ERROR;
				CLANG_WARN_SUSPICIOUS_MOVE = YES;
				CLANG_WARN_UNREACHABLE_CODE = YES;
				CLANG_WARN__DUPLICATE_METHOD_MATCH = YES;
				"CODE_SIGN_IDENTITY[sdk=iphoneos*]" = "iPhone Developer";
				COPY_PHASE_STRIP = NO;
				DEBUG_INFORMATION_FORMAT = dwarf;
				ENABLE_STRICT_OBJC_MSGSEND = YES;
				ENABLE_TESTABILITY = YES;
				GCC_C_LANGUAGE_STANDARD = gnu99;
				GCC_DYNAMIC_NO_PIC = NO;
				GCC_NO_COMMON_BLOCKS = YES;
				GCC_OPTIMIZATION_LEVEL = 0;
				GCC_PREPROCESSOR_DEFINITIONS = (
					"DEBUG=1",
					"$(inherited)",
				);
				GCC_WARN_64_TO_32_BIT_CONVERSION = YES;
				GCC_WARN_ABOUT_RETURN_TYPE = YES_ERROR;
				GCC_WARN_UNDECLARED_SELECTOR = YES;
				GCC_WARN_UNINITIALIZED_AUTOS = YES_AGGRESSIVE;
				GCC_WARN_UNUSED_FUNCTION = YES;
				GCC_WARN_UNUSED_VARIABLE = YES;
				IPHONEOS_DEPLOYMENT_TARGET = 10.3;
				MTL_ENABLE_DEBUG_INFO = YES;
				ONLY_ACTIVE_ARCH = YES;
				SDKROOT = iphoneos;
				SWIFT_ACTIVE_COMPILATION_CONDITIONS = DEBUG;
				SWIFT_OPTIMIZATION_LEVEL = "-Onone";
				TARGETED_DEVICE_FAMILY = "1,2";
			};
			name = Debug;
		};
		4295CCA51F286D96005238CE /* Release */ = {
			isa = XCBuildConfiguration;
			buildSettings = {
				ALWAYS_SEARCH_USER_PATHS = NO;
				CLANG_ANALYZER_NONNULL = YES;
				CLANG_ANALYZER_NUMBER_OBJECT_CONVERSION = YES_AGGRESSIVE;
				CLANG_CXX_LANGUAGE_STANDARD = "gnu++0x";
				CLANG_CXX_LIBRARY = "libc++";
				CLANG_ENABLE_MODULES = YES;
				CLANG_ENABLE_OBJC_ARC = YES;
				CLANG_WARN_BOOL_CONVERSION = YES;
				CLANG_WARN_CONSTANT_CONVERSION = YES;
				CLANG_WARN_DIRECT_OBJC_ISA_USAGE = YES_ERROR;
				CLANG_WARN_DOCUMENTATION_COMMENTS = YES;
				CLANG_WARN_EMPTY_BODY = YES;
				CLANG_WARN_ENUM_CONVERSION = YES;
				CLANG_WARN_INFINITE_RECURSION = YES;
				CLANG_WARN_INT_CONVERSION = YES;
				CLANG_WARN_OBJC_ROOT_CLASS = YES_ERROR;
				CLANG_WARN_SUSPICIOUS_MOVE = YES;
				CLANG_WARN_UNREACHABLE_CODE = YES;
				CLANG_WARN__DUPLICATE_METHOD_MATCH = YES;
				"CODE_SIGN_IDENTITY[sdk=iphoneos*]" = "iPhone Developer";
				COPY_PHASE_STRIP = NO;
				DEBUG_INFORMATION_FORMAT = "dwarf-with-dsym";
				ENABLE_NS_ASSERTIONS = NO;
				ENABLE_STRICT_OBJC_MSGSEND = YES;
				GCC_C_LANGUAGE_STANDARD = gnu99;
				GCC_NO_COMMON_BLOCKS = YES;
				GCC_WARN_64_TO_32_BIT_CONVERSION = YES;
				GCC_WARN_ABOUT_RETURN_TYPE = YES_ERROR;
				GCC_WARN_UNDECLARED_SELECTOR = YES;
				GCC_WARN_UNINITIALIZED_AUTOS = YES_AGGRESSIVE;
				GCC_WARN_UNUSED_FUNCTION = YES;
				GCC_WARN_UNUSED_VARIABLE = YES;
				IPHONEOS_DEPLOYMENT_TARGET = 10.3;
				MTL_ENABLE_DEBUG_INFO = NO;
				SDKROOT = iphoneos;
				SWIFT_OPTIMIZATION_LEVEL = "-Owholemodule";
				TARGETED_DEVICE_FAMILY = "1,2";
				VALIDATE_PRODUCT = YES;
			};
			name = Release;
		};
		4295CCA71F286D96005238CE /* Debug */ = {
			isa = XCBuildConfiguration;
			buildSettings = {
				ASSETCATALOG_COMPILER_APPICON_NAME = AppIcon;
				DEVELOPMENT_TEAM = PRZ5HR5F63;
				INFOPLIST_FILE = Example/Info.plist;
				IPHONEOS_DEPLOYMENT_TARGET = 9.0;
				LD_RUNPATH_SEARCH_PATHS = "$(inherited) @executable_path/Frameworks";
				PRODUCT_BUNDLE_IDENTIFIER = com.darkdong.PhotoPicker.Example;
				PRODUCT_NAME = "$(TARGET_NAME)";
				SWIFT_VERSION = 3.0;
			};
			name = Debug;
		};
		4295CCA81F286D96005238CE /* Release */ = {
			isa = XCBuildConfiguration;
			buildSettings = {
				ASSETCATALOG_COMPILER_APPICON_NAME = AppIcon;
				DEVELOPMENT_TEAM = PRZ5HR5F63;
				INFOPLIST_FILE = Example/Info.plist;
				IPHONEOS_DEPLOYMENT_TARGET = 9.0;
				LD_RUNPATH_SEARCH_PATHS = "$(inherited) @executable_path/Frameworks";
				PRODUCT_BUNDLE_IDENTIFIER = com.darkdong.PhotoPicker.Example;
				PRODUCT_NAME = "$(TARGET_NAME)";
				SWIFT_VERSION = 3.0;
			};
			name = Release;
		};
/* End XCBuildConfiguration section */

/* Begin XCConfigurationList section */
		4295CC8F1F286D96005238CE /* Build configuration list for PBXProject "Example" */ = {
			isa = XCConfigurationList;
			buildConfigurations = (
				4295CCA41F286D96005238CE /* Debug */,
				4295CCA51F286D96005238CE /* Release */,
			);
			defaultConfigurationIsVisible = 0;
			defaultConfigurationName = Release;
		};
		4295CCA61F286D96005238CE /* Build configuration list for PBXNativeTarget "Example" */ = {
			isa = XCConfigurationList;
			buildConfigurations = (
				4295CCA71F286D96005238CE /* Debug */,
				4295CCA81F286D96005238CE /* Release */,
			);
			defaultConfigurationIsVisible = 0;
			defaultConfigurationName = Release;
		};
/* End XCConfigurationList section */
	};
	rootObject = 4295CC8C1F286D96005238CE /* Project object */;
}
